
Microsoft Visual Studio Solution File, Format Version 12.00
# Visual Studio Version 17
VisualStudioVersion = 17.3.32901.215
MinimumVisualStudioVersion = 10.0.40219.1
Project("{2150E333-8FDC-42A3-9474-1A3956D46DE8}") = "Services", "Services", "{A4CF90DD-2E78-4667-A117-127B5533EE59}"
EndProject
Project("{2150E333-8FDC-42A3-9474-1A3956D46DE8}") = "Catalog", "Catalog", "{6CE09527-04DA-45BC-8514-A594536A5130}"
EndProject
Project("{9A19103F-16F7-4668-BE54-9A1E7A4F7556}") = "Catalog.API", "Services\Catalog\Catalog.API\Catalog.API.csproj", "{C10B923B-6E00-4FEE-A598-194D9AC824AF}"
EndProject
Global
	GlobalSection(SolutionConfigurationPlatforms) = preSolution
		Debug|Any CPU = Debug|Any CPU
		Release|Any CPU = Release|Any CPU
	EndGlobalSection
	GlobalSection(ProjectConfigurationPlatforms) = postSolution
		{C10B923B-6E00-4FEE-A598-194D9AC824AF}.Debug|Any CPU.ActiveCfg = Debug|Any CPU
		{C10B923B-6E00-4FEE-A598-194D9AC824AF}.Debug|Any CPU.Build.0 = Debug|Any CPU
		{C10B923B-6E00-4FEE-A598-194D9AC824AF}.Release|Any CPU.ActiveCfg = Release|Any CPU
		{C10B923B-6E00-4FEE-A598-194D9AC824AF}.Release|Any CPU.Build.0 = Release|Any CPU
	EndGlobalSection
	GlobalSection(SolutionProperties) = preSolution
		HideSolutionNode = FALSE
	EndGlobalSection
	GlobalSection(NestedProjects) = preSolution
		{6CE09527-04DA-45BC-8514-A594536A5130} = {A4CF90DD-2E78-4667-A117-127B5533EE59}
		{C10B923B-6E00-4FEE-A598-194D9AC824AF} = {6CE09527-04DA-45BC-8514-A594536A5130}
	EndGlobalSection
	GlobalSection(ExtensibilityGlobals) = postSolution
		SolutionGuid = {4CE89DEE-6455-4481-A9DE-3DE51983136C}
	EndGlobalSection
EndGlobal
